PODS:
  - Alamofire (4.8.0)
  - GaniLib (0.8.1):
    - Alamofire (~> 4.7)
    - GaniLib/Core (= 0.8.1)
    - SideMenu (~> 3.0)
    - SnapKit (~> 4.0)
    - SVProgressHUD (~> 2.2)
    - SwiftIconFont (= 2.8.0)
    - SwiftyJSON (~> 4.1)
  - GaniLib/Core (0.8.1):
    - Alamofire (~> 4.7)
    - Kingfisher (~> 4.0)
    - SideMenu (~> 3.0)
    - SnapKit (~> 4.0)
    - SVProgressHUD (~> 2.2)
    - SwiftIconFont (= 2.8.0)
    - SwiftyJSON (~> 4.1)
  - Kingfisher (4.10.1)
  - SideMenu (3.1.7)
  - SnapKit (4.2.0)
  - SVProgressHUD (2.2.5)
  - SwiftIconFont (2.8.0)
  - SwiftyJSON (4.2.0)

DEPENDENCIES:
  - GaniLib (from `../`)

SPEC REPOS:
  https://github.com/cocoapods/specs.git:
    - Alamofire
    - Kingfisher
    - SideMenu
    - SnapKit
    - SVProgressHUD
    - SwiftIconFont
    - SwiftyJSON

EXTERNAL SOURCES:
  GaniLib:
    :path: "../"

SPEC CHECKSUMS:
  Alamofire: 3ec537f71edc9804815215393ae2b1a8ea33a844
  GaniLib: 9e354ae822b6e3169c66eeabbb605b751d06bb22
  Kingfisher: c148cd7b47ebde9989f6bc7c27dcaa79d81279a0
  SideMenu: 93aefac046e861875abe260d8ae3578acdd75427
  SnapKit: fe8a619752f3f27075cc9a90244d75c6c3f27e2a
  SVProgressHUD: 1428aafac632c1f86f62aa4243ec12008d7a51d6
  SwiftIconFont: ddaccaa3bb90fc21ebc528cfdf793342618a5cc2
  SwiftyJSON: c4bcba26dd9ec7a027fc8eade48e2c911f229e96

PODFILE CHECKSUM: 8b8cce58a1197d3ee801d99de46f02f59af2369d

COCOAPODS: 1.5.2
